// !$*UTF8*$!
{
	archiveVersion = 1;
	classes = {
	};
	objectVersion = 50;
	objects = {

/* Begin PBXBuildFile section */
		455B870828A3BEA20070C08C /* AppDelegate.swift in Sources */ = {isa = PBXBuildFile; fileRef = 455B870728A3BEA20070C08C /* AppDelegate.swift */; };
		455B870C28A3BEA20070C08C /* UsersViewController.swift in Sources */ = {isa = PBXBuildFile; fileRef = 455B870B28A3BEA20070C08C /* UsersViewController.swift */; };
		455B871128A3BEA50070C08C /* Assets.xcassets in Resources */ = {isa = PBXBuildFile; fileRef = 455B871028A3BEA50070C08C /* Assets.xcassets */; };
		455B871428A3BEA50070C08C /* LaunchScreen.storyboard in Resources */ = {isa = PBXBuildFile; fileRef = 455B871228A3BEA50070C08C /* LaunchScreen.storyboard */; };
		455B872A28A3CE840070C08C /* UserDetailViewController.swift in Sources */ = {isa = PBXBuildFile; fileRef = 455B872928A3CE840070C08C /* UserDetailViewController.swift */; };
		455B872D28A3D0A20070C08C /* User.swift in Sources */ = {isa = PBXBuildFile; fileRef = 455B872C28A3D0A20070C08C /* User.swift */; };
		455B873028A3D1820070C08C /* RandomUserAPIManager.swift in Sources */ = {isa = PBXBuildFile; fileRef = 455B872F28A3D1820070C08C /* RandomUserAPIManager.swift */; };
/* End PBXBuildFile section */

/* Begin PBXFileReference section */
		455B870428A3BEA20070C08C /* PracticalChallenge.app */ = {isa = PBXFileReference; explicitFileType = wrapper.application; includeInIndex = 0; path = PracticalChallenge.app; sourceTree = BUILT_PRODUCTS_DIR; };
		455B870728A3BEA20070C08C /* AppDelegate.swift */ = {isa = PBXFileReference; lastKnownFileType = sourcecode.swift; path = AppDelegate.swift; sourceTree = "<group>"; };
		455B870B28A3BEA20070C08C /* UsersViewController.swift */ = {isa = PBXFileReference; lastKnownFileType = sourcecode.swift; path = UsersViewController.swift; sourceTree = "<group>"; };
		455B871028A3BEA50070C08C /* Assets.xcassets */ = {isa = PBXFileReference; lastKnownFileType = folder.assetcatalog; path = Assets.xcassets; sourceTree = "<group>"; };
		455B871328A3BEA50070C08C /* Base */ = {isa = PBXFileReference; lastKnownFileType = file.storyboard; name = Base; path = Base.lproj/LaunchScreen.storyboard; sourceTree = "<group>"; };
		455B871528A3BEA50070C08C /* Info.plist */ = {isa = PBXFileReference; lastKnownFileType = text.plist.xml; path = Info.plist; sourceTree = "<group>"; };
		455B872928A3CE840070C08C /* UserDetailViewController.swift */ = {isa = PBXFileReference; lastKnownFileType = sourcecode.swift; path = UserDetailViewController.swift; sourceTree = "<group>"; };
		455B872C28A3D0A20070C08C /* User.swift */ = {isa = PBXFileReference; lastKnownFileType = sourcecode.swift; path = User.swift; sourceTree = "<group>"; };
		455B872F28A3D1820070C08C /* RandomUserAPIManager.swift */ = {isa = PBXFileReference; lastKnownFileType = sourcecode.swift; path = RandomUserAPIManager.swift; sourceTree = "<group>"; };
/* End PBXFileReference section */

/* Begin PBXFrameworksBuildPhase section */
		455B870128A3BEA20070C08C /* Frameworks */ = {
			isa = PBXFrameworksBuildPhase;
			buildActionMask = 2147483647;
			files = (
			);
			runOnlyForDeploymentPostprocessing = 0;
		};
/* End PBXFrameworksBuildPhase section */

/* Begin PBXGroup section */
		455B86FB28A3BEA20070C08C = {
			isa = PBXGroup;
			children = (
				455B870628A3BEA20070C08C /* PracticalChallenge */,
				455B870528A3BEA20070C08C /* Products */,
			);
			sourceTree = "<group>";
		};
		455B870528A3BEA20070C08C /* Products */ = {
			isa = PBXGroup;
			children = (
				455B870428A3BEA20070C08C /* PracticalChallenge.app */,
			);
			name = Products;
			sourceTree = "<group>";
		};
		455B870628A3BEA20070C08C /* PracticalChallenge */ = {
			isa = PBXGroup;
			children = (
				455B873228A3D1BE0070C08C /* Utils */,
				455B872328A3CE220070C08C /* User */,
				455B871D28A3BEF70070C08C /* Files */,
				455B870728A3BEA20070C08C /* AppDelegate.swift */,
			);
			path = PracticalChallenge;
			sourceTree = "<group>";
		};
		455B871D28A3BEF70070C08C /* Files */ = {
			isa = PBXGroup;
			children = (
				455B871028A3BEA50070C08C /* Assets.xcassets */,
				455B871228A3BEA50070C08C /* LaunchScreen.storyboard */,
				455B871528A3BEA50070C08C /* Info.plist */,
			);
			name = Files;
			sourceTree = "<group>";
		};
		455B872328A3CE220070C08C /* User */ = {
			isa = PBXGroup;
			children = (
				455B870B28A3BEA20070C08C /* UsersViewController.swift */,
				455B872928A3CE840070C08C /* UserDetailViewController.swift */,
				455B872C28A3D0A20070C08C /* User.swift */,
			);
			name = User;
			sourceTree = "<group>";
		};
		455B873228A3D1BE0070C08C /* Utils */ = {
			isa = PBXGroup;
			children = (
				455B872F28A3D1820070C08C /* RandomUserAPIManager.swift */,
			);
			name = Utils;
			sourceTree = "<group>";
		};
/* End PBXGroup section */

/* Begin PBXNativeTarget section */
		455B870328A3BEA20070C08C /* PracticalChallenge */ = {
			isa = PBXNativeTarget;
			buildConfigurationList = 455B871828A3BEA50070C08C /* Build configuration list for PBXNativeTarget "PracticalChallenge" */;
			buildPhases = (
				455B870028A3BEA20070C08C /* Sources */,
				455B870128A3BEA20070C08C /* Frameworks */,
				455B870228A3BEA20070C08C /* Resources */,
			);
			buildRules = (
			);
			dependencies = (
			);
			name = PracticalChallenge;
			productName = PracticalChallenge;
			productReference = 455B870428A3BEA20070C08C /* PracticalChallenge.app */;
			productType = "com.apple.product-type.application";
		};
/* End PBXNativeTarget section */

/* Begin PBXProject section */
		455B86FC28A3BEA20070C08C /* Project object */ = {
			isa = PBXProject;
			attributes = {
				LastSwiftUpdateCheck = 1240;
				LastUpgradeCheck = 1240;
				TargetAttributes = {
					455B870328A3BEA20070C08C = {
						CreatedOnToolsVersion = 12.4;
					};
				};
			};
			buildConfigurationList = 455B86FF28A3BEA20070C08C /* Build configuration list for PBXProject "PracticalChallenge" */;
			compatibilityVersion = "Xcode 9.3";
			developmentRegion = en;
			hasScannedForEncodings = 0;
			knownRegions = (
				en,
				Base,
			);
			mainGroup = 455B86FB28A3BEA20070C08C;
			productRefGroup = 455B870528A3BEA20070C08C /* Products */;
			projectDirPath = "";
			projectRoot = "";
			targets = (
				455B870328A3BEA20070C08C /* PracticalChallenge */,
			);
		};
/* End PBXProject section */

/* Begin PBXResourcesBuildPhase section */
		455B870228A3BEA20070C08C /* Resources */ = {
			isa = PBXResourcesBuildPhase;
			buildActionMask = 2147483647;
			files = (
				455B871428A3BEA50070C08C /* LaunchScreen.storyboard in Resources */,
				455B871128A3BEA50070C08C /* Assets.xcassets in Resources */,
			);
			runOnlyForDeploymentPostprocessing = 0;
		};
/* End PBXResourcesBuildPhase section */

/* Begin PBXSourcesBuildPhase section */
		455B870028A3BEA20070C08C /* Sources */ = {
			isa = PBXSourcesBuildPhase;
			buildActionMask = 2147483647;
			files = (
				455B872D28A3D0A20070C08C /* User.swift in Sources */,
				455B870C28A3BEA20070C08C /* UsersViewController.swift in Sources */,
				455B873028A3D1820070C08C /* RandomUserAPIManager.swift in Sources */,
				455B870828A3BEA20070C08C /* AppDelegate.swift in Sources */,
				455B872A28A3CE840070C08C /* UserDetailViewController.swift in Sources */,
			);
			runOnlyForDeploymentPostprocessing = 0;
		};
/* End PBXSourcesBuildPhase section */

/* Begin PBXVariantGroup section */
		455B871228A3BEA50070C08C /* LaunchScreen.storyboard */ = {
			isa = PBXVariantGroup;
			children = (
				455B871328A3BEA50070C08C /* Base */,
			);
			name = LaunchScreen.storyboard;
			sourceTree = "<group>";
		};
/* End PBXVariantGroup section */

/* Begin XCBuildConfiguration section */
		455B871628A3BEA50070C08C /* Debug */ = {
			isa = XCBuildConfiguration;
			buildSettings = {
				ALWAYS_SEARCH_USER_PATHS = NO;
				CLANG_ANALYZER_NONNULL = YES;
				CLANG_ANALYZER_NUMBER_OBJECT_CONVERSION = YES_AGGRESSIVE;
				CLANG_CXX_LANGUAGE_STANDARD = "gnu++14";
				CLANG_CXX_LIBRARY = "libc++";
				CLANG_ENABLE_MODULES = YES;
				CLANG_ENABLE_OBJC_ARC = YES;
				CLANG_ENABLE_OBJC_WEAK = YES;
				CLANG_WARN_BLOCK_CAPTURE_AUTORELEASING = YES;
				CLANG_WARN_BOOL_CONVERSION = YES;
				CLANG_WARN_COMMA = YES;
				CLANG_WARN_CONSTANT_CONVERSION = YES;
				CLANG_WARN_DEPRECATED_OBJC_IMPLEMENTATIONS = YES;
				CLANG_WARN_DIRECT_OBJC_ISA_USAGE = YES_ERROR;
				CLANG_WARN_DOCUMENTATION_COMMENTS = YES;
				CLANG_WARN_EMPTY_BODY = YES;
				CLANG_WARN_ENUM_CONVERSION = YES;
				CLANG_WARN_INFINITE_RECURSION = YES;
				CLANG_WARN_INT_CONVERSION = YES;
				CLANG_WARN_NON_LITERAL_NULL_CONVERSION = YES;
				CLANG_WARN_OBJC_IMPLICIT_RETAIN_SELF = YES;
				CLANG_WARN_OBJC_LITERAL_CONVERSION = YES;
				CLANG_WARN_OBJC_ROOT_CLASS = YES_ERROR;
				CLANG_WARN_QUOTED_INCLUDE_IN_FRAMEWORK_HEADER = YES;
				CLANG_WARN_RANGE_LOOP_ANALYSIS = YES;
				CLANG_WARN_STRICT_PROTOTYPES = YES;
				CLANG_WARN_SUSPICIOUS_MOVE = YES;
				CLANG_WARN_UNGUARDED_AVAILABILITY = YES_AGGRESSIVE;
				CLANG_WARN_UNREACHABLE_CODE = YES;
				CLANG_WARN__DUPLICATE_METHOD_MATCH = YES;
				COPY_PHASE_STRIP = NO;
				DEBUG_INFORMATION_FORMAT = dwarf;
				ENABLE_STRICT_OBJC_MSGSEND = YES;
				ENABLE_TESTABILITY = YES;
				GCC_C_LANGUAGE_STANDARD = gnu11;
				GCC_DYNAMIC_NO_PIC = NO;
				GCC_NO_COMMON_BLOCKS = YES;
				GCC_OPTIMIZATION_LEVEL = 0;
				GCC_PREPROCESSOR_DEFINITIONS = (
					"DEBUG=1",
					"$(inherited)",
				);
				GCC_WARN_64_TO_32_BIT_CONVERSION = YES;
				GCC_WARN_ABOUT_RETURN_TYPE = YES_ERROR;
				GCC_WARN_UNDECLARED_SELECTOR = YES;
				GCC_WARN_UNINITIALIZED_AUTOS = YES_AGGRESSIVE;
				GCC_WARN_UNUSED_FUNCTION = YES;
				GCC_WARN_UNUSED_VARIABLE = YES;
				IPHONEOS_DEPLOYMENT_TARGET = 14.4;
				MTL_ENABLE_DEBUG_INFO = INCLUDE_SOURCE;
				MTL_FAST_MATH = YES;
				ONLY_ACTIVE_ARCH = YES;
				SDKROOT = iphoneos;
				SWIFT_ACTIVE_COMPILATION_CONDITIONS = DEBUG;
				SWIFT_OPTIMIZATION_LEVEL = "-Onone";
			};
			name = Debug;
		};
		455B871728A3BEA50070C08C /* Release */ = {
			isa = XCBuildConfiguration;
			buildSettings = {
				ALWAYS_SEARCH_USER_PATHS = NO;
				CLANG_ANALYZER_NONNULL = YES;
				CLANG_ANALYZER_NUMBER_OBJECT_CONVERSION = YES_AGGRESSIVE;
				CLANG_CXX_LANGUAGE_STANDARD = "gnu++14";
				CLANG_CXX_LIBRARY = "libc++";
				CLANG_ENABLE_MODULES = YES;
				CLANG_ENABLE_OBJC_ARC = YES;
				CLANG_ENABLE_OBJC_WEAK = YES;
				CLANG_WARN_BLOCK_CAPTURE_AUTORELEASING = YES;
				CLANG_WARN_BOOL_CONVERSION = YES;
				CLANG_WARN_COMMA = YES;
				CLANG_WARN_CONSTANT_CONVERSION = YES;
				CLANG_WARN_DEPRECATED_OBJC_IMPLEMENTATIONS = YES;
				CLANG_WARN_DIRECT_OBJC_ISA_USAGE = YES_ERROR;
				CLANG_WARN_DOCUMENTATION_COMMENTS = YES;
				CLANG_WARN_EMPTY_BODY = YES;
				CLANG_WARN_ENUM_CONVERSION = YES;
				CLANG_WARN_INFINITE_RECURSION = YES;
				CLANG_WARN_INT_CONVERSION = YES;
				CLANG_WARN_NON_LITERAL_NULL_CONVERSION = YES;
				CLANG_WARN_OBJC_IMPLICIT_RETAIN_SELF = YES;
				CLANG_WARN_OBJC_LITERAL_CONVERSION = YES;
				CLANG_WARN_OBJC_ROOT_CLASS = YES_ERROR;
				CLANG_WARN_QUOTED_INCLUDE_IN_FRAMEWORK_HEADER = YES;
				CLANG_WARN_RANGE_LOOP_ANALYSIS = YES;
				CLANG_WARN_STRICT_PROTOTYPES = YES;
				CLANG_WARN_SUSPICIOUS_MOVE = YES;
				CLANG_WARN_UNGUARDED_AVAILABILITY = YES_AGGRESSIVE;
				CLANG_WARN_UNREACHABLE_CODE = YES;
				CLANG_WARN__DUPLICATE_METHOD_MATCH = YES;
				COPY_PHASE_STRIP = NO;
				DEBUG_INFORMATION_FORMAT = "dwarf-with-dsym";
				ENABLE_NS_ASSERTIONS = NO;
				ENABLE_STRICT_OBJC_MSGSEND = YES;
				GCC_C_LANGUAGE_STANDARD = gnu11;
				GCC_NO_COMMON_BLOCKS = YES;
				GCC_WARN_64_TO_32_BIT_CONVERSION = YES;
				GCC_WARN_ABOUT_RETURN_TYPE = YES_ERROR;
				GCC_WARN_UNDECLARED_SELECTOR = YES;
				GCC_WARN_UNINITIALIZED_AUTOS = YES_AGGRESSIVE;
				GCC_WARN_UNUSED_FUNCTION = YES;
				GCC_WARN_UNUSED_VARIABLE = YES;
				IPHONEOS_DEPLOYMENT_TARGET = 14.4;
				MTL_ENABLE_DEBUG_INFO = NO;
				MTL_FAST_MATH = YES;
				SDKROOT = iphoneos;
				SWIFT_COMPILATION_MODE = wholemodule;
				SWIFT_OPTIMIZATION_LEVEL = "-O";
				VALIDATE_PRODUCT = YES;
			};
			name = Release;
		};
		455B871928A3BEA50070C08C /* Debug */ = {
			isa = XCBuildConfiguration;
			buildSettings = {
				ASSETCATALOG_COMPILER_APPICON_NAME = AppIcon;
				ASSETCATALOG_COMPILER_GLOBAL_ACCENT_COLOR_NAME = AccentColor;
				CODE_SIGN_STYLE = Automatic;
				INFOPLIST_FILE = PracticalChallenge/Info.plist;
				LD_RUNPATH_SEARCH_PATHS = (
					"$(inherited)",
					"@executable_path/Frameworks",
				);
				PRODUCT_BUNDLE_IDENTIFIER = com.gahstanz.PracticalChallenge;
				PRODUCT_NAME = "$(TARGET_NAME)";
				SWIFT_VERSION = 5.0;
				TARGETED_DEVICE_FAMILY = "1,2";
			};
			name = Debug;
		};
		455B871A28A3BEA50070C08C /* Release */ = {
			isa = XCBuildConfiguration;
			buildSettings = {
				ASSETCATALOG_COMPILER_APPICON_NAME = AppIcon;
				ASSETCATALOG_COMPILER_GLOBAL_ACCENT_COLOR_NAME = AccentColor;
				CODE_SIGN_STYLE = Automatic;
				INFOPLIST_FILE = PracticalChallenge/Info.plist;
				LD_RUNPATH_SEARCH_PATHS = (
					"$(inherited)",
					"@executable_path/Frameworks",
				);
				PRODUCT_BUNDLE_IDENTIFIER = com.gahstanz.PracticalChallenge;
				PRODUCT_NAME = "$(TARGET_NAME)";
				SWIFT_VERSION = 5.0;
				TARGETED_DEVICE_FAMILY = "1,2";
			};
			name = Release;
		};
/* End XCBuildConfiguration section */

/* Begin XCConfigurationList section */
		455B86FF28A3BEA20070C08C /* Build configuration list for PBXProject "PracticalChallenge" */ = {
			isa = XCConfigurationList;
			buildConfigurations = (
				455B871628A3BEA50070C08C /* Debug */,
				455B871728A3BEA50070C08C /* Release */,
			);
			defaultConfigurationIsVisible = 0;
			defaultConfigurationName = Release;
		};
		455B871828A3BEA50070C08C /* Build configuration list for PBXNativeTarget "PracticalChallenge" */ = {
			isa = XCConfigurationList;
			buildConfigurations = (
				455B871928A3BEA50070C08C /* Debug */,
				455B871A28A3BEA50070C08C /* Release */,
			);
			defaultConfigurationIsVisible = 0;
			defaultConfigurationName = Release;
		};
/* End XCConfigurationList section */
	};
	rootObject = 455B86FC28A3BEA20070C08C /* Project object */;
}
